// !$*UTF8*$!
{
	archiveVersion = 1;
	classes = {
	};
	objectVersion = 56;
	objects = {

/* Begin PBXBuildFile section */
		C68ADC2C295D86D2004150E0 /* AppDelegate.swift in Sources */ = {isa = PBXBuildFile; fileRef = C68ADC2B295D86D2004150E0 /* AppDelegate.swift */; };
		C68ADC2E295D86D2004150E0 /* SceneDelegate.swift in Sources */ = {isa = PBXBuildFile; fileRef = C68ADC2D295D86D2004150E0 /* SceneDelegate.swift */; };
		C68ADC30295D86D2004150E0 /* InviteVC.swift in Sources */ = {isa = PBXBuildFile; fileRef = C68ADC2F295D86D2004150E0 /* InviteVC.swift */; };
		C68ADC33295D86D2004150E0 /* Main.storyboard in Resources */ = {isa = PBXBuildFile; fileRef = C68ADC31295D86D2004150E0 /* Main.storyboard */; };
		C68ADC35295D86D6004150E0 /* Assets.xcassets in Resources */ = {isa = PBXBuildFile; fileRef = C68ADC34295D86D6004150E0 /* Assets.xcassets */; };
		C68ADC38295D86D6004150E0 /* LaunchScreen.storyboard in Resources */ = {isa = PBXBuildFile; fileRef = C68ADC36295D86D6004150E0 /* LaunchScreen.storyboard */; };
		C68ADC40295D8719004150E0 /* InviteCell.swift in Sources */ = {isa = PBXBuildFile; fileRef = C68ADC3F295D8719004150E0 /* InviteCell.swift */; };
		C68ADC43295D8779004150E0 /* SnapKit in Frameworks */ = {isa = PBXBuildFile; productRef = C68ADC42295D8779004150E0 /* SnapKit */; };
		C68ADC70295DC758004150E0 /* NewViewController1.swift in Sources */ = {isa = PBXBuildFile; fileRef = C68ADC6F295DC758004150E0 /* NewViewController1.swift */; };
		C68ADC72295DC77C004150E0 /* NewViewController2.swift in Sources */ = {isa = PBXBuildFile; fileRef = C68ADC71295DC77C004150E0 /* NewViewController2.swift */; };
		C68ADC74295DC79A004150E0 /* NewViewController3.swift in Sources */ = {isa = PBXBuildFile; fileRef = C68ADC73295DC79A004150E0 /* NewViewController3.swift */; };
		C68ADC76295DC7AB004150E0 /* NewViewController4.swift in Sources */ = {isa = PBXBuildFile; fileRef = C68ADC75295DC7AB004150E0 /* NewViewController4.swift */; };
/* End PBXBuildFile section */

/* Begin PBXFileReference section */
		C68ADC28295D86D2004150E0 /* Deneme2.app */ = {isa = PBXFileReference; explicitFileType = wrapper.application; includeInIndex = 0; path = Deneme2.app; sourceTree = BUILT_PRODUCTS_DIR; };
		C68ADC2B295D86D2004150E0 /* AppDelegate.swift */ = {isa = PBXFileReference; lastKnownFileType = sourcecode.swift; path = AppDelegate.swift; sourceTree = "<group>"; };
		C68ADC2D295D86D2004150E0 /* SceneDelegate.swift */ = {isa = PBXFileReference; lastKnownFileType = sourcecode.swift; path = SceneDelegate.swift; sourceTree = "<group>"; };
		C68ADC2F295D86D2004150E0 /* InviteVC.swift */ = {isa = PBXFileReference; lastKnownFileType = sourcecode.swift; path = InviteVC.swift; sourceTree = "<group>"; };
		C68ADC32295D86D2004150E0 /* Base */ = {isa = PBXFileReference; lastKnownFileType = file.storyboard; name = Base; path = Base.lproj/Main.storyboard; sourceTree = "<group>"; };
		C68ADC34295D86D6004150E0 /* Assets.xcassets */ = {isa = PBXFileReference; lastKnownFileType = folder.assetcatalog; path = Assets.xcassets; sourceTree = "<group>"; };
		C68ADC37295D86D6004150E0 /* Base */ = {isa = PBXFileReference; lastKnownFileType = file.storyboard; name = Base; path = Base.lproj/LaunchScreen.storyboard; sourceTree = "<group>"; };
		C68ADC39295D86D6004150E0 /* Info.plist */ = {isa = PBXFileReference; lastKnownFileType = text.plist.xml; path = Info.plist; sourceTree = "<group>"; };
		C68ADC3F295D8719004150E0 /* InviteCell.swift */ = {isa = PBXFileReference; lastKnownFileType = sourcecode.swift; path = InviteCell.swift; sourceTree = "<group>"; };
		C68ADC6F295DC758004150E0 /* NewViewController1.swift */ = {isa = PBXFileReference; lastKnownFileType = sourcecode.swift; path = NewViewController1.swift; sourceTree = "<group>"; };
		C68ADC71295DC77C004150E0 /* NewViewController2.swift */ = {isa = PBXFileReference; lastKnownFileType = sourcecode.swift; path = NewViewController2.swift; sourceTree = "<group>"; };
		C68ADC73295DC79A004150E0 /* NewViewController3.swift */ = {isa = PBXFileReference; lastKnownFileType = sourcecode.swift; path = NewViewController3.swift; sourceTree = "<group>"; };
		C68ADC75295DC7AB004150E0 /* NewViewController4.swift */ = {isa = PBXFileReference; lastKnownFileType = sourcecode.swift; path = NewViewController4.swift; sourceTree = "<group>"; };
/* End PBXFileReference section */

/* Begin PBXFrameworksBuildPhase section */
		C68ADC25295D86D2004150E0 /* Frameworks */ = {
			isa = PBXFrameworksBuildPhase;
			buildActionMask = 2147483647;
			files = (
				C68ADC43295D8779004150E0 /* SnapKit in Frameworks */,
			);
			runOnlyForDeploymentPostprocessing = 0;
		};
/* End PBXFrameworksBuildPhase section */

/* Begin PBXGroup section */
		C68ADC1F295D86D2004150E0 = {
			isa = PBXGroup;
			children = (
				C68ADC2A295D86D2004150E0 /* Deneme2 */,
				C68ADC29295D86D2004150E0 /* Products */,
			);
			sourceTree = "<group>";
		};
		C68ADC29295D86D2004150E0 /* Products */ = {
			isa = PBXGroup;
			children = (
				C68ADC28295D86D2004150E0 /* Deneme2.app */,
			);
			name = Products;
			sourceTree = "<group>";
		};
		C68ADC2A295D86D2004150E0 /* Deneme2 */ = {
			isa = PBXGroup;
			children = (
				C68ADC2B295D86D2004150E0 /* AppDelegate.swift */,
				C68ADC2D295D86D2004150E0 /* SceneDelegate.swift */,
				C68ADC2F295D86D2004150E0 /* InviteVC.swift */,
				C68ADC75295DC7AB004150E0 /* NewViewController4.swift */,
				C68ADC73295DC79A004150E0 /* NewViewController3.swift */,
				C68ADC71295DC77C004150E0 /* NewViewController2.swift */,
				C68ADC6F295DC758004150E0 /* NewViewController1.swift */,
				C68ADC3F295D8719004150E0 /* InviteCell.swift */,
				C68ADC31295D86D2004150E0 /* Main.storyboard */,
				C68ADC34295D86D6004150E0 /* Assets.xcassets */,
				C68ADC36295D86D6004150E0 /* LaunchScreen.storyboard */,
				C68ADC39295D86D6004150E0 /* Info.plist */,
			);
			path = Deneme2;
			sourceTree = "<group>";
		};
/* End PBXGroup section */

/* Begin PBXNativeTarget section */
		C68ADC27295D86D2004150E0 /* Deneme2 */ = {
			isa = PBXNativeTarget;
			buildConfigurationList = C68ADC3C295D86D6004150E0 /* Build configuration list for PBXNativeTarget "Deneme2" */;
			buildPhases = (
				C68ADC24295D86D2004150E0 /* Sources */,
				C68ADC25295D86D2004150E0 /* Frameworks */,
				C68ADC26295D86D2004150E0 /* Resources */,
			);
			buildRules = (
			);
			dependencies = (
			);
			name = Deneme2;
			packageProductDependencies = (
				C68ADC42295D8779004150E0 /* SnapKit */,
			);
			productName = Deneme2;
			productReference = C68ADC28295D86D2004150E0 /* Deneme2.app */;
			productType = "com.apple.product-type.application";
		};
/* End PBXNativeTarget section */

/* Begin PBXProject section */
		C68ADC20295D86D2004150E0 /* Project object */ = {
			isa = PBXProject;
			attributes = {
				BuildIndependentTargetsInParallel = 1;
				LastSwiftUpdateCheck = 1400;
				LastUpgradeCheck = 1400;
				TargetAttributes = {
					C68ADC27295D86D2004150E0 = {
						CreatedOnToolsVersion = 14.0.1;
					};
				};
			};
			buildConfigurationList = C68ADC23295D86D2004150E0 /* Build configuration list for PBXProject "Deneme2" */;
			compatibilityVersion = "Xcode 14.0";
			developmentRegion = en;
			hasScannedForEncodings = 0;
			knownRegions = (
				en,
				Base,
			);
			mainGroup = C68ADC1F295D86D2004150E0;
			packageReferences = (
				C68ADC41295D8779004150E0 /* XCRemoteSwiftPackageReference "SnapKit" */,
			);
			productRefGroup = C68ADC29295D86D2004150E0 /* Products */;
			projectDirPath = "";
			projectRoot = "";
			targets = (
				C68ADC27295D86D2004150E0 /* Deneme2 */,
			);
		};
/* End PBXProject section */

/* Begin PBXResourcesBuildPhase section */
		C68ADC26295D86D2004150E0 /* Resources */ = {
			isa = PBXResourcesBuildPhase;
			buildActionMask = 2147483647;
			files = (
				C68ADC38295D86D6004150E0 /* LaunchScreen.storyboard in Resources */,
				C68ADC35295D86D6004150E0 /* Assets.xcassets in Resources */,
				C68ADC33295D86D2004150E0 /* Main.storyboard in Resources */,
			);
			runOnlyForDeploymentPostprocessing = 0;
		};
/* End PBXResourcesBuildPhase section */

/* Begin PBXSourcesBuildPhase section */
		C68ADC24295D86D2004150E0 /* Sources */ = {
			isa = PBXSourcesBuildPhase;
			buildActionMask = 2147483647;
			files = (
				C68ADC76295DC7AB004150E0 /* NewViewController4.swift in Sources */,
				C68ADC74295DC79A004150E0 /* NewViewController3.swift in Sources */,
				C68ADC30295D86D2004150E0 /* InviteVC.swift in Sources */,
				C68ADC70295DC758004150E0 /* NewViewController1.swift in Sources */,
				C68ADC2C295D86D2004150E0 /* AppDelegate.swift in Sources */,
				C68ADC40295D8719004150E0 /* InviteCell.swift in Sources */,
				C68ADC72295DC77C004150E0 /* NewViewController2.swift in Sources */,
				C68ADC2E295D86D2004150E0 /* SceneDelegate.swift in Sources */,
			);
			runOnlyForDeploymentPostprocessing = 0;
		};
/* End PBXSourcesBuildPhase section */

/* Begin PBXVariantGroup section */
		C68ADC31295D86D2004150E0 /* Main.storyboard */ = {
			isa = PBXVariantGroup;
			children = (
				C68ADC32295D86D2004150E0 /* Base */,
			);
			name = Main.storyboard;
			sourceTree = "<group>";
		};
		C68ADC36295D86D6004150E0 /* LaunchScreen.storyboard */ = {
			isa = PBXVariantGroup;
			children = (
				C68ADC37295D86D6004150E0 /* Base */,
			);
			name = LaunchScreen.storyboard;
			sourceTree = "<group>";
		};
/* End PBXVariantGroup section */

/* Begin XCBuildConfiguration section */
		C68ADC3A295D86D6004150E0 /* Debug */ = {
			isa = XCBuildConfiguration;
			buildSettings = {
				ALWAYS_SEARCH_USER_PATHS = NO;
				CLANG_ANALYZER_NONNULL = YES;
				CLANG_ANALYZER_NUMBER_OBJECT_CONVERSION = YES_AGGRESSIVE;
				CLANG_CXX_LANGUAGE_STANDARD = "gnu++20";
				CLANG_ENABLE_MODULES = YES;
				CLANG_ENABLE_OBJC_ARC = YES;
				CLANG_ENABLE_OBJC_WEAK = YES;
				CLANG_WARN_BLOCK_CAPTURE_AUTORELEASING = YES;
				CLANG_WARN_BOOL_CONVERSION = YES;
				CLANG_WARN_COMMA = YES;
				CLANG_WARN_CONSTANT_CONVERSION = YES;
				CLANG_WARN_DEPRECATED_OBJC_IMPLEMENTATIONS = YES;
				CLANG_WARN_DIRECT_OBJC_ISA_USAGE = YES_ERROR;
				CLANG_WARN_DOCUMENTATION_COMMENTS = YES;
				CLANG_WARN_EMPTY_BODY = YES;
				CLANG_WARN_ENUM_CONVERSION = YES;
				CLANG_WARN_INFINITE_RECURSION = YES;
				CLANG_WARN_INT_CONVERSION = YES;
				CLANG_WARN_NON_LITERAL_NULL_CONVERSION = YES;
				CLANG_WARN_OBJC_IMPLICIT_RETAIN_SELF = YES;
				CLANG_WARN_OBJC_LITERAL_CONVERSION = YES;
				CLANG_WARN_OBJC_ROOT_CLASS = YES_ERROR;
				CLANG_WARN_QUOTED_INCLUDE_IN_FRAMEWORK_HEADER = YES;
				CLANG_WARN_RANGE_LOOP_ANALYSIS = YES;
				CLANG_WARN_STRICT_PROTOTYPES = YES;
				CLANG_WARN_SUSPICIOUS_MOVE = YES;
				CLANG_WARN_UNGUARDED_AVAILABILITY = YES_AGGRESSIVE;
				CLANG_WARN_UNREACHABLE_CODE = YES;
				CLANG_WARN__DUPLICATE_METHOD_MATCH = YES;
				COPY_PHASE_STRIP = NO;
				DEBUG_INFORMATION_FORMAT = dwarf;
				ENABLE_STRICT_OBJC_MSGSEND = YES;
				ENABLE_TESTABILITY = YES;
				GCC_C_LANGUAGE_STANDARD = gnu11;
				GCC_DYNAMIC_NO_PIC = NO;
				GCC_NO_COMMON_BLOCKS = YES;
				GCC_OPTIMIZATION_LEVEL = 0;
				GCC_PREPROCESSOR_DEFINITIONS = (
					"DEBUG=1",
					"$(inherited)",
				);
				GCC_WARN_64_TO_32_BIT_CONVERSION = YES;
				GCC_WARN_ABOUT_RETURN_TYPE = YES_ERROR;
				GCC_WARN_UNDECLARED_SELECTOR = YES;
				GCC_WARN_UNINITIALIZED_AUTOS = YES_AGGRESSIVE;
				GCC_WARN_UNUSED_FUNCTION = YES;
				GCC_WARN_UNUSED_VARIABLE = YES;
				IPHONEOS_DEPLOYMENT_TARGET = 16.0;
				MTL_ENABLE_DEBUG_INFO = INCLUDE_SOURCE;
				MTL_FAST_MATH = YES;
				ONLY_ACTIVE_ARCH = YES;
				SDKROOT = iphoneos;
				SWIFT_ACTIVE_COMPILATION_CONDITIONS = DEBUG;
				SWIFT_OPTIMIZATION_LEVEL = "-Onone";
			};
			name = Debug;
		};
		C68ADC3B295D86D6004150E0 /* Release */ = {
			isa = XCBuildConfiguration;
			buildSettings = {
				ALWAYS_SEARCH_USER_PATHS = NO;
				CLANG_ANALYZER_NONNULL = YES;
				CLANG_ANALYZER_NUMBER_OBJECT_CONVERSION = YES_AGGRESSIVE;
				CLANG_CXX_LANGUAGE_STANDARD = "gnu++20";
				CLANG_ENABLE_MODULES = YES;
				CLANG_ENABLE_OBJC_ARC = YES;
				CLANG_ENABLE_OBJC_WEAK = YES;
				CLANG_WARN_BLOCK_CAPTURE_AUTORELEASING = YES;
				CLANG_WARN_BOOL_CONVERSION = YES;
				CLANG_WARN_COMMA = YES;
				CLANG_WARN_CONSTANT_CONVERSION = YES;
				CLANG_WARN_DEPRECATED_OBJC_IMPLEMENTATIONS = YES;
				CLANG_WARN_DIRECT_OBJC_ISA_USAGE = YES_ERROR;
				CLANG_WARN_DOCUMENTATION_COMMENTS = YES;
				CLANG_WARN_EMPTY_BODY = YES;
				CLANG_WARN_ENUM_CONVERSION = YES;
				CLANG_WARN_INFINITE_RECURSION = YES;
				CLANG_WARN_INT_CONVERSION = YES;
				CLANG_WARN_NON_LITERAL_NULL_CONVERSION = YES;
				CLANG_WARN_OBJC_IMPLICIT_RETAIN_SELF = YES;
				CLANG_WARN_OBJC_LITERAL_CONVERSION = YES;
				CLANG_WARN_OBJC_ROOT_CLASS = YES_ERROR;
				CLANG_WARN_QUOTED_INCLUDE_IN_FRAMEWORK_HEADER = YES;
				CLANG_WARN_RANGE_LOOP_ANALYSIS = YES;
				CLANG_WARN_STRICT_PROTOTYPES = YES;
				CLANG_WARN_SUSPICIOUS_MOVE = YES;
				CLANG_WARN_UNGUARDED_AVAILABILITY = YES_AGGRESSIVE;
				CLANG_WARN_UNREACHABLE_CODE = YES;
				CLANG_WARN__DUPLICATE_METHOD_MATCH = YES;
				COPY_PHASE_STRIP = NO;
				DEBUG_INFORMATION_FORMAT = "dwarf-with-dsym";
				ENABLE_NS_ASSERTIONS = NO;
				ENABLE_STRICT_OBJC_MSGSEND = YES;
				GCC_C_LANGUAGE_STANDARD = gnu11;
				GCC_NO_COMMON_BLOCKS = YES;
				GCC_WARN_64_TO_32_BIT_CONVERSION = YES;
				GCC_WARN_ABOUT_RETURN_TYPE = YES_ERROR;
				GCC_WARN_UNDECLARED_SELECTOR = YES;
				GCC_WARN_UNINITIALIZED_AUTOS = YES_AGGRESSIVE;
				GCC_WARN_UNUSED_FUNCTION = YES;
				GCC_WARN_UNUSED_VARIABLE = YES;
				IPHONEOS_DEPLOYMENT_TARGET = 16.0;
				MTL_ENABLE_DEBUG_INFO = NO;
				MTL_FAST_MATH = YES;
				SDKROOT = iphoneos;
				SWIFT_COMPILATION_MODE = wholemodule;
				SWIFT_OPTIMIZATION_LEVEL = "-O";
				VALIDATE_PRODUCT = YES;
			};
			name = Release;
		};
		C68ADC3D295D86D6004150E0 /* Debug */ = {
			isa = XCBuildConfiguration;
			buildSettings = {
				ASSETCATALOG_COMPILER_APPICON_NAME = AppIcon;
				ASSETCATALOG_COMPILER_GLOBAL_ACCENT_COLOR_NAME = AccentColor;
				CODE_SIGN_STYLE = Automatic;
				CURRENT_PROJECT_VERSION = 1;
				DEVELOPMENT_TEAM = 4BD7R7VJN8;
				GENERATE_INFOPLIST_FILE = YES;
				INFOPLIST_FILE = Deneme2/Info.plist;
				INFOPLIST_KEY_UIApplicationSupportsIndirectInputEvents = YES;
				INFOPLIST_KEY_UILaunchStoryboardName = LaunchScreen;
				INFOPLIST_KEY_UIMainStoryboardFile = Main;
				INFOPLIST_KEY_UISupportedInterfaceOrientations_iPad = "UIInterfaceOrientationPortrait UIInterfaceOrientationPortraitUpsideDown UIInterfaceOrientationLandscapeLeft UIInterfaceOrientationLandscapeRight";
				INFOPLIST_KEY_UISupportedInterfaceOrientations_iPhone = "UIInterfaceOrientationPortrait UIInterfaceOrientationLandscapeLeft UIInterfaceOrientationLandscapeRight";
				LD_RUNPATH_SEARCH_PATHS = (
					"$(inherited)",
					"@executable_path/Frameworks",
				);
				MARKETING_VERSION = 1.0;
				PRODUCT_BUNDLE_IDENTIFIER = com.dilaraelcioglu.Deneme2;
				PRODUCT_NAME = "$(TARGET_NAME)";
				SWIFT_EMIT_LOC_STRINGS = YES;
				SWIFT_VERSION = 5.0;
				TARGETED_DEVICE_FAMILY = "1,2";
			};
			name = Debug;
		};
		C68ADC3E295D86D6004150E0 /* Release */ = {
			isa = XCBuildConfiguration;
			buildSettings = {
				ASSETCATALOG_COMPILER_APPICON_NAME = AppIcon;
				ASSETCATALOG_COMPILER_GLOBAL_ACCENT_COLOR_NAME = AccentColor;
				CODE_SIGN_STYLE = Automatic;
				CURRENT_PROJECT_VERSION = 1;
				DEVELOPMENT_TEAM = 4BD7R7VJN8;
				GENERATE_INFOPLIST_FILE = YES;
				INFOPLIST_FILE = Deneme2/Info.plist;
				INFOPLIST_KEY_UIApplicationSupportsIndirectInputEvents = YES;
				INFOPLIST_KEY_UILaunchStoryboardName = LaunchScreen;
				INFOPLIST_KEY_UIMainStoryboardFile = Main;
				INFOPLIST_KEY_UISupportedInterfaceOrientations_iPad = "UIInterfaceOrientationPortrait UIInterfaceOrientationPortraitUpsideDown UIInterfaceOrientationLandscapeLeft UIInterfaceOrientationLandscapeRight";
				INFOPLIST_KEY_UISupportedInterfaceOrientations_iPhone = "UIInterfaceOrientationPortrait UIInterfaceOrientationLandscapeLeft UIInterfaceOrientationLandscapeRight";
				LD_RUNPATH_SEARCH_PATHS = (
					"$(inherited)",
					"@executable_path/Frameworks",
				);
				MARKETING_VERSION = 1.0;
				PRODUCT_BUNDLE_IDENTIFIER = com.dilaraelcioglu.Deneme2;
				PRODUCT_NAME = "$(TARGET_NAME)";
				SWIFT_EMIT_LOC_STRINGS = YES;
				SWIFT_VERSION = 5.0;
				TARGETED_DEVICE_FAMILY = "1,2";
			};
			name = Release;
		};
/* End XCBuildConfiguration section */

/* Begin XCConfigurationList section */
		C68ADC23295D86D2004150E0 /* Build configuration list for PBXProject "Deneme2" */ = {
			isa = XCConfigurationList;
			buildConfigurations = (
				C68ADC3A295D86D6004150E0 /* Debug */,
				C68ADC3B295D86D6004150E0 /* Release */,
			);
			defaultConfigurationIsVisible = 0;
			defaultConfigurationName = Release;
		};
		C68ADC3C295D86D6004150E0 /* Build configuration list for PBXNativeTarget "Deneme2" */ = {
			isa = XCConfigurationList;
			buildConfigurations = (
				C68ADC3D295D86D6004150E0 /* Debug */,
				C68ADC3E295D86D6004150E0 /* Release */,
			);
			defaultConfigurationIsVisible = 0;
			defaultConfigurationName = Release;
		};
/* End XCConfigurationList section */

/* Begin XCRemoteSwiftPackageReference section */
		C68ADC41295D8779004150E0 /* XCRemoteSwiftPackageReference "SnapKit" */ = {
			isa = XCRemoteSwiftPackageReference;
			repositoryURL = "https://github.com/SnapKit/SnapKit.git";
			requirement = {
				kind = upToNextMajorVersion;
				minimumVersion = 5.0.0;
			};
		};
/* End XCRemoteSwiftPackageReference section */

/* Begin XCSwiftPackageProductDependency section */
		C68ADC42295D8779004150E0 /* SnapKit */ = {
			isa = XCSwiftPackageProductDependency;
			package = C68ADC41295D8779004150E0 /* XCRemoteSwiftPackageReference "SnapKit" */;
			productName = SnapKit;
		};
/* End XCSwiftPackageProductDependency section */
	};
	rootObject = C68ADC20295D86D2004150E0 /* Project object */;
}
